github.com/google/uuid v1.6.0 h1:NIvaJDMOsjHA8n1jAhLSgzrAzy1Hgr+hNrb57e+94F0=
github.com/google/uuid v1.6.0/go.mod h1:TIyPZe4MgqvfeYDBFedMoGGpEw/LqOeaOT+nhxU+yHo=
github.com/jmv1006/go-message-queue v0.1.0 h1:LjajZxI9khddB7X1Q3HTW+z2n+d12+05TSCx6b3KupE=
github.com/jmv1006/go-message-queue v0.1.0/go.mod h1:7oscrYKC8qhH0A5zo3jNDoHoI24KRlsRveS8m8lWSmk=
